<?xml version="1.0" encoding="utf-8"?>
<Project ToolsVersion="4.0" xmlns="http://schemas.microsoft.com/developer/msbuild/2003">
  <ItemGroup>
    <Filter Include="98.Defalut">
      <UniqueIdentifier>{6841eae1-06b9-400e-9944-ab0596f58a0f}</UniqueIdentifier>
    </Filter>
    <Filter Include="99.Defines">
      <UniqueIdentifier>{87fcc2b3-1395-485e-bbb1-3ea88143b5a5}</UniqueIdentifier>
    </Filter>
    <Filter Include="00.MainApp">
      <UniqueIdentifier>{5abafcaa-db7f-4eb4-b0cd-4b1adc39a517}</UniqueIdentifier>
    </Filter>
    <Filter Include="01.Level">
      <UniqueIdentifier>{6f72ce70-af69-4d6a-bb88-20a8d94b6b52}</UniqueIdentifier>
    </Filter>
    <Filter Include="01.Level\Loding">
      <UniqueIdentifier>{b21cd574-4563-4648-bb29-a8a2c5904786}</UniqueIdentifier>
    </Filter>
    <Filter Include="01.Level\Loding\Loader">
      <UniqueIdentifier>{e65ff5ef-ada5-4c34-81ca-3680b27dd4c0}</UniqueIdentifier>
    </Filter>
    <Filter Include="01.Level\Map">
      <UniqueIdentifier>{da92bec3-ffea-490e-aaa4-fb57ac2d6f3a}</UniqueIdentifier>
    </Filter>
    <Filter Include="01.Level\Logo">
      <UniqueIdentifier>{91696497-cba3-4d43-b52d-1204ff45ae3b}</UniqueIdentifier>
    </Filter>
    <Filter Include="01.Level\Model">
      <UniqueIdentifier>{9eae4c98-e269-4263-8338-973596eb15d1}</UniqueIdentifier>
    </Filter>
    <Filter Include="02.Object">
      <UniqueIdentifier>{86bfd0a5-dd53-4cff-878a-08bafb36e7a8}</UniqueIdentifier>
    </Filter>
    <Filter Include="02.Object\Camera">
      <UniqueIdentifier>{c69995d7-35db-42eb-83e6-72b309b8eec5}</UniqueIdentifier>
    </Filter>
    <Filter Include="02.Object\Model">
      <UniqueIdentifier>{87bbf2b5-aacc-431e-848e-d739bd7f7d12}</UniqueIdentifier>
    </Filter>
    <Filter Include="02.Object\Terrain">
      <UniqueIdentifier>{3ede5b6f-af6e-4ccf-9c80-83551564152d}</UniqueIdentifier>
    </Filter>
    <Filter Include="02.Object\MapObject">
      <UniqueIdentifier>{621dd80c-c19e-494c-b7fc-0a49e5782734}</UniqueIdentifier>
    </Filter>
    <Filter Include="97.ShaderFiles">
      <UniqueIdentifier>{70b72a6e-7d18-4045-a577-3444649b0e54}</UniqueIdentifier>
    </Filter>
    <Filter Include="03.Component">
      <UniqueIdentifier>{acf89776-fdce-432d-9214-4f58f6c6ee8c}</UniqueIdentifier>
    </Filter>
    <Filter Include="03.Component\Model">
      <UniqueIdentifier>{a10369f4-12c4-4b49-8ecb-5064baa080db}</UniqueIdentifier>
    </Filter>
    <Filter Include="03.Component\Model\Mesh">
      <UniqueIdentifier>{6eb593d9-7f6a-4ae0-8838-97b2f655bd47}</UniqueIdentifier>
    </Filter>
    <Filter Include="03.Component\Model\Material">
      <UniqueIdentifier>{f856d542-2f85-4023-b97e-8e1be488c2a7}</UniqueIdentifier>
    </Filter>
    <Filter Include="96.Utility">
      <UniqueIdentifier>{16a338bc-46b0-4d7d-95dd-64b75bcfc40e}</UniqueIdentifier>
    </Filter>
    <Filter Include="96.Utility\Imgui">
      <UniqueIdentifier>{cca49efb-f975-4fbb-b8b2-f70115c02767}</UniqueIdentifier>
    </Filter>
    <Filter Include="95.Manager">
      <UniqueIdentifier>{586f6ba7-9a45-4e79-80da-1713d2c80e79}</UniqueIdentifier>
    </Filter>
    <Filter Include="95.Manager\01.Imgui_Manager">
      <UniqueIdentifier>{7fa36ebc-bb6b-4078-8ae2-79635aede367}</UniqueIdentifier>
    </Filter>
    <Filter Include="03.Component\Model\Bone">
      <UniqueIdentifier>{c0d63ac5-2c38-420b-a639-c936cfc7cec0}</UniqueIdentifier>
    </Filter>
  </ItemGroup>
  <ItemGroup>
    <ClInclude Include="targetver.h">
      <Filter>98.Defalut</Filter>
    </ClInclude>
    <ClInclude Include="Edit.h">
      <Filter>98.Defalut</Filter>
    </ClInclude>
    <ClInclude Include="framework.h">
      <Filter>98.Defalut</Filter>
    </ClInclude>
    <ClInclude Include="pch.h">
      <Filter>98.Defalut</Filter>
    </ClInclude>
    <ClInclude Include="Resource.h">
      <Filter>98.Defalut</Filter>
    </ClInclude>
    <ClInclude Include="..\Public\Edit_Defines.h">
      <Filter>99.Defines</Filter>
    </ClInclude>
    <ClInclude Include="..\Public\EditMain.h">
      <Filter>00.MainApp</Filter>
    </ClInclude>
    <ClInclude Include="..\Public\Level_Logo.h">
      <Filter>01.Level\Logo</Filter>
    </ClInclude>
    <ClInclude Include="..\Public\Level_Map.h">
      <Filter>01.Level\Map</Filter>
    </ClInclude>
    <ClInclude Include="..\Public\Level_Model.h">
      <Filter>01.Level\Model</Filter>
    </ClInclude>
    <ClInclude Include="..\Public\Level_Loading.h">
      <Filter>01.Level\Loding</Filter>
    </ClInclude>
    <ClInclude Include="..\Public\Loader.h">
      <Filter>01.Level\Loding\Loader</Filter>
    </ClInclude>
    <ClInclude Include="..\Public\Terrain.h">
      <Filter>02.Object\Terrain</Filter>
    </ClInclude>
    <ClInclude Include="..\Public\Camera_Free.h">
      <Filter>02.Object\Camera</Filter>
    </ClInclude>
    <ClInclude Include="..\Public\Player.h">
      <Filter>02.Object\Model</Filter>
    </ClInclude>
    <ClInclude Include="..\Public\Edit_Model.h">
      <Filter>03.Component\Model</Filter>
    </ClInclude>
    <ClInclude Include="..\public\Edit_Mesh.h">
      <Filter>03.Component\Model\Mesh</Filter>
    </ClInclude>
    <ClInclude Include="..\Public\Edit_MeshMaterial.h">
      <Filter>03.Component\Model\Material</Filter>
    </ClInclude>
    <ClInclude Include="..\Public\Imgui\imconfig.h">
      <Filter>96.Utility\Imgui</Filter>
    </ClInclude>
    <ClInclude Include="..\Public\Imgui\imgui.h">
      <Filter>96.Utility\Imgui</Filter>
    </ClInclude>
    <ClInclude Include="..\Public\Imgui\imgui_internal.h">
      <Filter>96.Utility\Imgui</Filter>
    </ClInclude>
    <ClInclude Include="..\Public\Imgui\imstb_rectpack.h">
      <Filter>96.Utility\Imgui</Filter>
    </ClInclude>
    <ClInclude Include="..\Public\Imgui\imstb_textedit.h">
      <Filter>96.Utility\Imgui</Filter>
    </ClInclude>
    <ClInclude Include="..\Public\Imgui\imstb_truetype.h">
      <Filter>96.Utility\Imgui</Filter>
    </ClInclude>
    <ClInclude Include="..\Public\Imgui\imgui_impl_win32.h">
      <Filter>96.Utility\Imgui</Filter>
    </ClInclude>
    <ClInclude Include="..\Public\Imgui\imgui_impl_dx11.h">
      <Filter>96.Utility\Imgui</Filter>
    </ClInclude>
    <ClInclude Include="..\public\Imgui_Manager.h">
      <Filter>95.Manager\01.Imgui_Manager</Filter>
    </ClInclude>
    <ClInclude Include="..\Public\Edit_Event.h">
      <Filter>99.Defines</Filter>
    </ClInclude>
    <ClInclude Include="..\public\Edit_Bone.h">
      <Filter>03.Component\Model\Bone</Filter>
    </ClInclude>
  </ItemGroup>
  <ItemGroup>
    <ClCompile Include="pch.cpp">
      <Filter>98.Defalut</Filter>
    </ClCompile>
    <ClCompile Include="Edit.cpp">
      <Filter>98.Defalut</Filter>
    </ClCompile>
    <ClCompile Include="..\Private\EditMain.cpp">
      <Filter>00.MainApp</Filter>
    </ClCompile>
    <ClCompile Include="..\Private\Level_Loading.cpp">
      <Filter>01.Level\Loding</Filter>
    </ClCompile>
    <ClCompile Include="..\Private\Loader.cpp">
      <Filter>01.Level\Loding\Loader</Filter>
    </ClCompile>
    <ClCompile Include="..\Private\Level_Map.cpp">
      <Filter>01.Level\Map</Filter>
    </ClCompile>
    <ClCompile Include="..\Private\Level_Model.cpp">
      <Filter>01.Level\Model</Filter>
    </ClCompile>
    <ClCompile Include="..\Private\Level_Logo.cpp">
      <Filter>01.Level\Logo</Filter>
    </ClCompile>
    <ClCompile Include="..\Private\Terrain.cpp">
      <Filter>02.Object\Terrain</Filter>
    </ClCompile>
    <ClCompile Include="..\Private\Camera_Free.cpp">
      <Filter>02.Object\Camera</Filter>
    </ClCompile>
    <ClCompile Include="..\Private\Player.cpp">
      <Filter>02.Object\Model</Filter>
    </ClCompile>
    <ClCompile Include="..\Private\Edit_Model.cpp">
      <Filter>03.Component\Model</Filter>
    </ClCompile>
    <ClCompile Include="..\private\Edit_Mesh.cpp">
      <Filter>03.Component\Model\Mesh</Filter>
    </ClCompile>
    <ClCompile Include="..\Private\Edit_MeshMaterial.cpp">
      <Filter>03.Component\Model\Material</Filter>
    </ClCompile>
    <ClCompile Include="..\Public\Imgui\imgui.cpp">
      <Filter>96.Utility\Imgui</Filter>
    </ClCompile>
    <ClCompile Include="..\Public\Imgui\imgui_demo.cpp">
      <Filter>96.Utility\Imgui</Filter>
    </ClCompile>
    <ClCompile Include="..\Public\Imgui\imgui_draw.cpp">
      <Filter>96.Utility\Imgui</Filter>
    </ClCompile>
    <ClCompile Include="..\Public\Imgui\imgui_tables.cpp">
      <Filter>96.Utility\Imgui</Filter>
    </ClCompile>
    <ClCompile Include="..\Public\Imgui\imgui_widgets.cpp">
      <Filter>96.Utility\Imgui</Filter>
    </ClCompile>
    <ClCompile Include="..\Public\Imgui\imgui_impl_dx11.cpp">
      <Filter>96.Utility\Imgui</Filter>
    </ClCompile>
    <ClCompile Include="..\Public\Imgui\imgui_impl_win32.cpp">
      <Filter>96.Utility\Imgui</Filter>
    </ClCompile>
    <ClCompile Include="..\private\Imgui_Manager.cpp">
      <Filter>95.Manager\01.Imgui_Manager</Filter>
    </ClCompile>
    <ClCompile Include="..\private\Edit_Bone.cpp">
      <Filter>03.Component\Model\Bone</Filter>
    </ClCompile>
  </ItemGroup>
  <ItemGroup>
    <Image Include="small.ico">
      <Filter>98.Defalut</Filter>
    </Image>
    <Image Include="Edit.ico">
      <Filter>98.Defalut</Filter>
    </Image>
  </ItemGroup>
  <ItemGroup>
    <ResourceCompile Include="Edit.rc">
      <Filter>98.Defalut</Filter>
    </ResourceCompile>
  </ItemGroup>
  <ItemGroup>
    <FxCompile Include="..\Bin\ShaderFiles\Shader_VtxMesh.hlsl">
      <Filter>97.ShaderFiles</Filter>
    </FxCompile>
    <FxCompile Include="..\Bin\ShaderFiles\Shader_VtxNorTex.hlsl">
      <Filter>97.ShaderFiles</Filter>
    </FxCompile>
  </ItemGroup>
</Project>