<?xml version="1.0" encoding="utf-8"?>
<Project ToolsVersion="4.0" xmlns="http://schemas.microsoft.com/developer/msbuild/2003">
  <ItemGroup>
    <Filter Include="00.MainApp">
      <UniqueIdentifier>{de741457-4ffe-4bc1-b18c-ac1e1719c256}</UniqueIdentifier>
    </Filter>
    <Filter Include="01.Levels">
      <UniqueIdentifier>{9527628e-9791-4585-bbf6-d92487c97924}</UniqueIdentifier>
    </Filter>
    <Filter Include="02.GameObject">
      <UniqueIdentifier>{7d92bff2-cf5c-4319-a78f-efde7a50c1ab}</UniqueIdentifier>
    </Filter>
    <Filter Include="01.Levels\GamePlay">
      <UniqueIdentifier>{308c81f9-6752-4c4a-b192-9d19ed8202fd}</UniqueIdentifier>
    </Filter>
    <Filter Include="01.Levels\Loading">
      <UniqueIdentifier>{57b9be3b-77fa-4a76-a2d0-ca565e27455b}</UniqueIdentifier>
    </Filter>
    <Filter Include="01.Levels\Logo">
      <UniqueIdentifier>{27195571-cd1a-4a82-bc30-51c5ab7cf685}</UniqueIdentifier>
    </Filter>
    <Filter Include="01.Levels\Loading\Loader">
      <UniqueIdentifier>{c0d6f396-8a39-4255-b3cf-2e0fe2bc9d3f}</UniqueIdentifier>
    </Filter>
    <Filter Include="02.GameObject\BackGround">
      <UniqueIdentifier>{28d960be-0ec3-4954-8a47-a34797be1e2e}</UniqueIdentifier>
    </Filter>
    <Filter Include="98.Default">
      <UniqueIdentifier>{3442f46b-afa7-4feb-bb85-adba8d7a14bd}</UniqueIdentifier>
    </Filter>
    <Filter Include="97.ShaderFiles">
      <UniqueIdentifier>{5f8b2b2d-5c69-4d82-bdd0-fbf13e39a08f}</UniqueIdentifier>
    </Filter>
    <Filter Include="96.SuperClass">
      <UniqueIdentifier>{9763b096-1caf-4213-806f-d41f09daa415}</UniqueIdentifier>
    </Filter>
    <Filter Include="96.SuperClass\UIObject">
      <UniqueIdentifier>{957fd0d8-3b1b-4234-802f-0da30c9db91d}</UniqueIdentifier>
    </Filter>
    <Filter Include="02.GameObject\UIObject">
      <UniqueIdentifier>{649cf777-b74d-4fa6-a98e-2bcbc1e6bd83}</UniqueIdentifier>
    </Filter>
    <Filter Include="02.GameObject\UIObject\Logo_UI">
      <UniqueIdentifier>{feaac3a7-c7a8-4d45-8feb-18149baf0b0e}</UniqueIdentifier>
    </Filter>
    <Filter Include="02.GameObject\UIObject\Logo_UI\Button">
      <UniqueIdentifier>{bb802f42-3c6c-46a2-83e1-83aa87c9bf8e}</UniqueIdentifier>
    </Filter>
    <Filter Include="02.GameObject\Terrain">
      <UniqueIdentifier>{ec2057f9-56db-4c83-bc7f-54ea0256dea3}</UniqueIdentifier>
    </Filter>
    <Filter Include="02.GameObject\UIObject\Loding_UI">
      <UniqueIdentifier>{ed1bf769-835e-4cba-81a3-72a9407eac2a}</UniqueIdentifier>
    </Filter>
    <Filter Include="02.GameObject\UIObject\Inventory">
      <UniqueIdentifier>{6946eef0-18f6-4343-b205-a505735ace78}</UniqueIdentifier>
    </Filter>
    <Filter Include="02.GameObject\Camera">
      <UniqueIdentifier>{938702cd-cae2-4f3b-be44-2c75f8b1c3f2}</UniqueIdentifier>
    </Filter>
    <Filter Include="02.GameObject\Camera\Free">
      <UniqueIdentifier>{f7c04a64-6b13-4726-8fed-a33406fd7467}</UniqueIdentifier>
    </Filter>
    <Filter Include="02.GameObject\UIObject\Hud">
      <UniqueIdentifier>{d964eea6-465a-4bac-b44e-3e1cef206137}</UniqueIdentifier>
    </Filter>
    <Filter Include="02.GameObject\UIObject\Hud\Gun_Aim">
      <UniqueIdentifier>{bb3df6ea-ee2a-44f3-8b00-45fc5c6e0a1b}</UniqueIdentifier>
    </Filter>
    <Filter Include="02.GameObject\UIObject\Logo_UI\Title">
      <UniqueIdentifier>{f6416ab8-62b1-4904-aa63-701c8582715d}</UniqueIdentifier>
    </Filter>
    <Filter Include="02.GameObject\UIObject\Hud\Gun_Aim\Pistol">
      <UniqueIdentifier>{b87a56a5-464c-42cd-9640-844b05da54be}</UniqueIdentifier>
    </Filter>
    <Filter Include="02.GameObject\UIObject\Hud\Gun_Aim\AImLine">
      <UniqueIdentifier>{5466a443-3cc4-467e-b0ab-e9e8776518be}</UniqueIdentifier>
    </Filter>
    <Filter Include="02.GameObject\UIObject\Hud\Gun_Aim\ShotGun">
      <UniqueIdentifier>{69d78a2f-0200-4677-8eed-38aa3573f51b}</UniqueIdentifier>
    </Filter>
    <Filter Include="02.GameObject\UIObject\Hud\Gun_Aim\ShotGun\AimLine">
      <UniqueIdentifier>{51eac506-b818-4bd4-8565-88f25f7416f0}</UniqueIdentifier>
    </Filter>
    <Filter Include="02.GameObject\UIObject\Hud\Gun_Aim\Sniper">
      <UniqueIdentifier>{8406d20c-54c1-46db-b478-41dc21008a47}</UniqueIdentifier>
    </Filter>
    <Filter Include="02.GameObject\UIObject\Hud\Quick_Slot">
      <UniqueIdentifier>{c3e07d4f-869c-499f-9c71-f50acdb641da}</UniqueIdentifier>
    </Filter>
    <Filter Include="02.GameObject\UIObject\Hud\Quick_Slot\ETC">
      <UniqueIdentifier>{ec519a67-b9ca-45e9-b29b-835404fe4a8d}</UniqueIdentifier>
    </Filter>
    <Filter Include="95.Manager">
      <UniqueIdentifier>{e59c2c87-f71c-45d1-8278-b74d10422a2c}</UniqueIdentifier>
    </Filter>
    <Filter Include="95.Manager\Player">
      <UniqueIdentifier>{c02b7756-3276-4d56-a2b5-bd3d1f4312a0}</UniqueIdentifier>
    </Filter>
    <Filter Include="95.Manager\Item_Manager">
      <UniqueIdentifier>{d6152359-cdde-4ae0-828d-f97188b5c5bf}</UniqueIdentifier>
    </Filter>
    <Filter Include="02.GameObject\Item">
      <UniqueIdentifier>{2b9bcc29-43e2-4b25-a43c-d19615f4ac92}</UniqueIdentifier>
    </Filter>
    <Filter Include="96.SuperClass\UIObject\Button">
      <UniqueIdentifier>{e2b2e3b2-6bae-449c-8044-cc419dc87070}</UniqueIdentifier>
    </Filter>
    <Filter Include="96.SuperClass\Item">
      <UniqueIdentifier>{49da3a7c-86c6-461d-ac35-62bef35a2952}</UniqueIdentifier>
    </Filter>
    <Filter Include="96.SuperClass\Item\2D">
      <UniqueIdentifier>{db7738aa-552d-4a4b-96ce-ecaaae8c8b90}</UniqueIdentifier>
    </Filter>
    <Filter Include="96.SuperClass\Item\3D">
      <UniqueIdentifier>{47a6f88c-9a1f-4a30-ac39-7e3454eace8c}</UniqueIdentifier>
    </Filter>
    <Filter Include="02.GameObject\Item\Render_Item">
      <UniqueIdentifier>{5b702a78-cd5d-4049-9366-f6f6c3cd74d9}</UniqueIdentifier>
    </Filter>
    <Filter Include="02.GameObject\UIObject\Inventory\Base">
      <UniqueIdentifier>{78f55f92-14de-4fc3-a107-38dba95891c9}</UniqueIdentifier>
    </Filter>
    <Filter Include="02.GameObject\UIObject\Inventory\Base\Inventory_ETC">
      <UniqueIdentifier>{04024d18-add6-4381-8cd9-8a7d3107037e}</UniqueIdentifier>
    </Filter>
    <Filter Include="99.Defines">
      <UniqueIdentifier>{d8d16bc1-2149-41f4-8de6-cbcd337bba3b}</UniqueIdentifier>
    </Filter>
    <Filter Include="02.GameObject\UIObject\Player_Hp">
      <UniqueIdentifier>{a1b43b96-d8d4-48c5-83d0-0941ea3591ca}</UniqueIdentifier>
    </Filter>
    <Filter Include="02.GameObject\UIObject\Player_Hp\ETC">
      <UniqueIdentifier>{514b8f14-2e5c-43b4-807e-442ac4f30b82}</UniqueIdentifier>
    </Filter>
    <Filter Include="02.GameObject\UIObject\Inventory\Panel">
      <UniqueIdentifier>{3321eca6-0cd3-4f1e-9145-c58375f63299}</UniqueIdentifier>
    </Filter>
    <Filter Include="02.GameObject\UIObject\Inventory\Panel\Item_Penal">
      <UniqueIdentifier>{cd59d9d2-5eae-40db-ad35-74705fbc1091}</UniqueIdentifier>
    </Filter>
    <Filter Include="02.GameObject\UIObject\Inventory\Panel\Create_Penal">
      <UniqueIdentifier>{e28764ed-b5b5-4ac1-8ce0-d7f20ff967f4}</UniqueIdentifier>
    </Filter>
    <Filter Include="02.GameObject\Player">
      <UniqueIdentifier>{e2bc6bad-4903-4641-8da4-fd80cb69439c}</UniqueIdentifier>
    </Filter>
    <Filter Include="02.GameObject\UIObject\Announce">
      <UniqueIdentifier>{a1111a65-6e53-4a0d-9ed1-68e8f7698986}</UniqueIdentifier>
    </Filter>
    <Filter Include="02.GameObject\Mouse">
      <UniqueIdentifier>{67ec6e06-9ae6-4593-9514-a62068401f19}</UniqueIdentifier>
    </Filter>
    <Filter Include="02.GameObject\UIObject\ETC">
      <UniqueIdentifier>{a33c099d-7d4e-4b32-abbd-36551bfd5a22}</UniqueIdentifier>
    </Filter>
    <Filter Include="02.GameObject\Mouse\Click_FX">
      <UniqueIdentifier>{4bf151f8-6fe8-49d8-b287-df51579ead6c}</UniqueIdentifier>
    </Filter>
  </ItemGroup>
  <ItemGroup>
    <ClInclude Include="Client.h">
      <Filter>98.Default</Filter>
    </ClInclude>
    <ClInclude Include="framework.h">
      <Filter>98.Default</Filter>
    </ClInclude>
    <ClInclude Include="Resource.h">
      <Filter>98.Default</Filter>
    </ClInclude>
    <ClInclude Include="targetver.h">
      <Filter>98.Default</Filter>
    </ClInclude>
    <ClInclude Include="..\Public\Client_Defines.h">
      <Filter>99.Defines</Filter>
    </ClInclude>
    <ClInclude Include="..\public\MainApp.h">
      <Filter>00.MainApp</Filter>
    </ClInclude>
    <ClInclude Include="..\public\Level_Loading.h">
      <Filter>01.Levels\Loading</Filter>
    </ClInclude>
    <ClInclude Include="..\public\Loader.h">
      <Filter>01.Levels\Loading\Loader</Filter>
    </ClInclude>
    <ClInclude Include="..\public\Level_Logo.h">
      <Filter>01.Levels\Logo</Filter>
    </ClInclude>
    <ClInclude Include="..\public\Level_GamePlay.h">
      <Filter>01.Levels\GamePlay</Filter>
    </ClInclude>
    <ClInclude Include="..\public\BackGround.h">
      <Filter>02.GameObject\BackGround</Filter>
    </ClInclude>
    <ClInclude Include="pch.h">
      <Filter>98.Default</Filter>
    </ClInclude>
    <ClInclude Include="..\public\UIObject.h">
      <Filter>96.SuperClass\UIObject</Filter>
    </ClInclude>
    <ClInclude Include="..\public\Button.h">
      <Filter>96.SuperClass\UIObject\Button</Filter>
    </ClInclude>
    <ClInclude Include="..\public\Logo_Button.h">
      <Filter>02.GameObject\UIObject\Logo_UI\Button</Filter>
    </ClInclude>
    <ClInclude Include="..\public\Logo_Button_Line.h">
      <Filter>02.GameObject\UIObject\Logo_UI\Button</Filter>
    </ClInclude>
    <ClInclude Include="..\public\Logo_UI.h">
      <Filter>02.GameObject\UIObject\Logo_UI</Filter>
    </ClInclude>
    <ClInclude Include="..\public\Logo_Name.h">
      <Filter>02.GameObject\UIObject\Logo_UI\Title</Filter>
    </ClInclude>
    <ClInclude Include="Client_Event.h">
      <Filter>99.Defines</Filter>
    </ClInclude>
    <ClInclude Include="..\public\Terrain.h">
      <Filter>02.GameObject\Terrain</Filter>
    </ClInclude>
    <ClInclude Include="..\public\Fade_UI.h">
      <Filter>02.GameObject\UIObject\Loding_UI</Filter>
    </ClInclude>
    <ClInclude Include="..\public\Inventory.h">
      <Filter>02.GameObject\UIObject\Inventory</Filter>
    </ClInclude>
    <ClInclude Include="..\public\Inventory_Base.h">
      <Filter>02.GameObject\UIObject\Inventory\Base</Filter>
    </ClInclude>
    <ClInclude Include="..\public\Camera_Free.h">
      <Filter>02.GameObject\Camera\Free</Filter>
    </ClInclude>
    <ClInclude Include="..\public\Aim_Line.h">
      <Filter>02.GameObject\UIObject\Hud\Gun_Aim\AImLine</Filter>
    </ClInclude>
    <ClInclude Include="..\public\Aim_Pistol.h">
      <Filter>02.GameObject\UIObject\Hud\Gun_Aim\Pistol</Filter>
    </ClInclude>
    <ClInclude Include="..\public\Aim_Shotgun.h">
      <Filter>02.GameObject\UIObject\Hud\Gun_Aim\ShotGun</Filter>
    </ClInclude>
    <ClInclude Include="..\public\Aim_Shotgun_Line.h">
      <Filter>02.GameObject\UIObject\Hud\Gun_Aim\ShotGun\AimLine</Filter>
    </ClInclude>
    <ClInclude Include="Client_Item.h">
      <Filter>99.Defines</Filter>
    </ClInclude>
    <ClInclude Include="..\public\Aim_Sniper.h">
      <Filter>02.GameObject\UIObject\Hud\Gun_Aim\Sniper</Filter>
    </ClInclude>
    <ClInclude Include="..\public\Quick_Slot.h">
      <Filter>02.GameObject\UIObject\Hud\Quick_Slot</Filter>
    </ClInclude>
    <ClInclude Include="..\public\Quick_Slot_Guide.h">
      <Filter>02.GameObject\UIObject\Hud\Quick_Slot\ETC</Filter>
    </ClInclude>
    <ClInclude Include="..\public\QuicK_Slot_Icon.h">
      <Filter>02.GameObject\UIObject\Hud\Quick_Slot\ETC</Filter>
    </ClInclude>
    <ClInclude Include="..\public\Player_Manager.h">
      <Filter>95.Manager\Player</Filter>
    </ClInclude>
    <ClInclude Include="..\public\Item_Manager.h">
      <Filter>95.Manager\Item_Manager</Filter>
    </ClInclude>
    <ClInclude Include="..\public\Item.h">
      <Filter>96.SuperClass\Item</Filter>
    </ClInclude>
    <ClInclude Include="..\public\2DItem.h">
      <Filter>96.SuperClass\Item\2D</Filter>
    </ClInclude>
    <ClInclude Include="..\public\3DItem.h">
      <Filter>96.SuperClass\Item\3D</Filter>
    </ClInclude>
    <ClInclude Include="..\public\Item_2D_Render.h">
      <Filter>02.GameObject\Item\Render_Item</Filter>
    </ClInclude>
    <ClInclude Include="..\public\Inventory_Node.h">
      <Filter>02.GameObject\UIObject\Inventory\Base\Inventory_ETC</Filter>
    </ClInclude>
    <ClInclude Include="..\public\Inventory_Coin.h">
      <Filter>02.GameObject\UIObject\Inventory\Base\Inventory_ETC</Filter>
    </ClInclude>
    <ClInclude Include="..\public\Player_Hp.h">
      <Filter>02.GameObject\UIObject\Player_Hp</Filter>
    </ClInclude>
    <ClInclude Include="..\public\Player_Hp_Tex.h">
      <Filter>02.GameObject\UIObject\Player_Hp\ETC</Filter>
    </ClInclude>
    <ClInclude Include="..\public\Player_Hp_Flash.h">
      <Filter>02.GameObject\UIObject\Player_Hp\ETC</Filter>
    </ClInclude>
    <ClInclude Include="..\public\Player_Hp_Beat.h">
      <Filter>02.GameObject\UIObject\Player_Hp\ETC</Filter>
    </ClInclude>
    <ClInclude Include="..\public\Item_Penal.h">
      <Filter>02.GameObject\UIObject\Inventory\Panel\Item_Penal</Filter>
    </ClInclude>
    <ClInclude Include="..\public\Create_Penal.h">
      <Filter>02.GameObject\UIObject\Inventory\Panel\Create_Penal</Filter>
    </ClInclude>
    <ClInclude Include="..\public\UI_Slot.h">
      <Filter>02.GameObject\UIObject\ETC</Filter>
    </ClInclude>
    <ClInclude Include="..\public\UI_Tex.h">
      <Filter>02.GameObject\UIObject\ETC</Filter>
    </ClInclude>
    <ClInclude Include="..\public\Player.h">
      <Filter>02.GameObject\Player</Filter>
    </ClInclude>
    <ClInclude Include="..\public\Announce.h">
      <Filter>02.GameObject\UIObject\Announce</Filter>
    </ClInclude>
    <ClInclude Include="..\public\Mouse.h">
      <Filter>02.GameObject\Mouse</Filter>
    </ClInclude>
    <ClInclude Include="..\public\Mouse_Click_Fx.h">
      <Filter>02.GameObject\Mouse\Click_FX</Filter>
    </ClInclude>
  </ItemGroup>
  <ItemGroup>
    <Image Include="small.ico">
      <Filter>98.Default</Filter>
    </Image>
    <Image Include="Client.ico">
      <Filter>98.Default</Filter>
    </Image>
  </ItemGroup>
  <ItemGroup>
    <ResourceCompile Include="Client.rc">
      <Filter>98.Default</Filter>
    </ResourceCompile>
  </ItemGroup>
  <ItemGroup>
    <ClCompile Include="Client.cpp">
      <Filter>98.Default</Filter>
    </ClCompile>
    <ClCompile Include="..\private\MainApp.cpp">
      <Filter>00.MainApp</Filter>
    </ClCompile>
    <ClCompile Include="..\private\Level_Loading.cpp">
      <Filter>01.Levels\Loading</Filter>
    </ClCompile>
    <ClCompile Include="..\private\Loader.cpp">
      <Filter>01.Levels\Loading\Loader</Filter>
    </ClCompile>
    <ClCompile Include="..\private\Level_Logo.cpp">
      <Filter>01.Levels\Logo</Filter>
    </ClCompile>
    <ClCompile Include="..\private\Level_GamePlay.cpp">
      <Filter>01.Levels\GamePlay</Filter>
    </ClCompile>
    <ClCompile Include="..\private\BackGround.cpp">
      <Filter>02.GameObject\BackGround</Filter>
    </ClCompile>
    <ClCompile Include="pch.cpp">
      <Filter>98.Default</Filter>
    </ClCompile>
    <ClCompile Include="..\private\UIObject.cpp">
      <Filter>96.SuperClass\UIObject</Filter>
    </ClCompile>
    <ClCompile Include="..\private\Button.cpp">
      <Filter>96.SuperClass\UIObject\Button</Filter>
    </ClCompile>
    <ClCompile Include="..\private\Logo_Button.cpp">
      <Filter>02.GameObject\UIObject\Logo_UI\Button</Filter>
    </ClCompile>
    <ClCompile Include="..\private\Logo_Button_Line.cpp">
      <Filter>02.GameObject\UIObject\Logo_UI\Button</Filter>
    </ClCompile>
    <ClCompile Include="..\private\Logo_UI.cpp">
      <Filter>02.GameObject\UIObject\Logo_UI</Filter>
    </ClCompile>
    <ClCompile Include="..\private\Logo_Name.cpp">
      <Filter>02.GameObject\UIObject\Logo_UI\Title</Filter>
    </ClCompile>
    <ClCompile Include="..\private\Terrain.cpp">
      <Filter>02.GameObject\Terrain</Filter>
    </ClCompile>
    <ClCompile Include="..\private\Fade_UI.cpp">
      <Filter>02.GameObject\UIObject\Loding_UI</Filter>
    </ClCompile>
    <ClCompile Include="..\private\Inventory.cpp">
      <Filter>02.GameObject\UIObject\Inventory</Filter>
    </ClCompile>
    <ClCompile Include="..\private\Inventory_Base.cpp">
      <Filter>02.GameObject\UIObject\Inventory\Base</Filter>
    </ClCompile>
    <ClCompile Include="..\private\Camera_Free.cpp">
      <Filter>02.GameObject\Camera\Free</Filter>
    </ClCompile>
    <ClCompile Include="..\private\Aim_Line.cpp">
      <Filter>02.GameObject\UIObject\Hud\Gun_Aim\AImLine</Filter>
    </ClCompile>
    <ClCompile Include="..\private\Aim_Pistol.cpp">
      <Filter>02.GameObject\UIObject\Hud\Gun_Aim\Pistol</Filter>
    </ClCompile>
    <ClCompile Include="..\private\Aim_Shotgun.cpp">
      <Filter>02.GameObject\UIObject\Hud\Gun_Aim\ShotGun</Filter>
    </ClCompile>
    <ClCompile Include="..\private\Aim_Shotgun_Line.cpp">
      <Filter>02.GameObject\UIObject\Hud\Gun_Aim\ShotGun\AimLine</Filter>
    </ClCompile>
    <ClCompile Include="..\private\Aim_Sniper.cpp">
      <Filter>02.GameObject\UIObject\Hud\Gun_Aim\Sniper</Filter>
    </ClCompile>
    <ClCompile Include="..\private\Quick_Slot.cpp">
      <Filter>02.GameObject\UIObject\Hud\Quick_Slot</Filter>
    </ClCompile>
    <ClCompile Include="..\private\Quick_Slot_Guide.cpp">
      <Filter>02.GameObject\UIObject\Hud\Quick_Slot\ETC</Filter>
    </ClCompile>
    <ClCompile Include="..\private\QuicK_Slot_Icon.cpp">
      <Filter>02.GameObject\UIObject\Hud\Quick_Slot\ETC</Filter>
    </ClCompile>
    <ClCompile Include="..\private\Player_Manager.cpp">
      <Filter>95.Manager\Player</Filter>
    </ClCompile>
    <ClCompile Include="..\private\Item_Manager.cpp">
      <Filter>95.Manager\Item_Manager</Filter>
    </ClCompile>
    <ClCompile Include="..\private\Item.cpp">
      <Filter>96.SuperClass\Item</Filter>
    </ClCompile>
    <ClCompile Include="..\public\2DItem.cpp">
      <Filter>96.SuperClass\Item\2D</Filter>
    </ClCompile>
    <ClCompile Include="..\private\3DItem.cpp">
      <Filter>96.SuperClass\Item\3D</Filter>
    </ClCompile>
    <ClCompile Include="..\private\Item_2D_Render.cpp">
      <Filter>02.GameObject\Item\Render_Item</Filter>
    </ClCompile>
    <ClCompile Include="..\private\Inventory_Node.cpp">
      <Filter>02.GameObject\UIObject\Inventory\Base\Inventory_ETC</Filter>
    </ClCompile>
    <ClCompile Include="..\private\Inventory_Coin.cpp">
      <Filter>02.GameObject\UIObject\Inventory\Base\Inventory_ETC</Filter>
    </ClCompile>
    <ClCompile Include="..\private\Player_Hp.cpp">
      <Filter>02.GameObject\UIObject\Player_Hp</Filter>
    </ClCompile>
    <ClCompile Include="..\private\Player_Hp_Tex.cpp">
      <Filter>02.GameObject\UIObject\Player_Hp\ETC</Filter>
    </ClCompile>
    <ClCompile Include="..\private\Player_Hp_Flash.cpp">
      <Filter>02.GameObject\UIObject\Player_Hp\ETC</Filter>
    </ClCompile>
    <ClCompile Include="..\private\Player_Hp_Beat.cpp">
      <Filter>02.GameObject\UIObject\Player_Hp\ETC</Filter>
    </ClCompile>
    <ClCompile Include="..\private\Item_Penal.cpp">
      <Filter>02.GameObject\UIObject\Inventory\Panel\Item_Penal</Filter>
    </ClCompile>
    <ClCompile Include="..\private\Create_Penal.cpp">
      <Filter>02.GameObject\UIObject\Inventory\Panel\Create_Penal</Filter>
    </ClCompile>
    <ClCompile Include="..\private\UI_Slot.cpp">
      <Filter>02.GameObject\UIObject\ETC</Filter>
    </ClCompile>
    <ClCompile Include="..\private\UI_Tex.cpp">
      <Filter>02.GameObject\UIObject\ETC</Filter>
    </ClCompile>
    <ClCompile Include="..\private\Player.cpp">
      <Filter>02.GameObject\Player</Filter>
    </ClCompile>
    <ClCompile Include="..\private\Announce.cpp">
      <Filter>02.GameObject\UIObject\Announce</Filter>
    </ClCompile>
    <ClCompile Include="..\private\Mouse.cpp">
      <Filter>02.GameObject\Mouse</Filter>
    </ClCompile>
    <ClCompile Include="..\private\Mouse_Click_Fx.cpp">
      <Filter>02.GameObject\Mouse\Click_FX</Filter>
    </ClCompile>
  </ItemGroup>
  <ItemGroup>
    <FxCompile Include="..\Bin\ShaderFiles\Shader_VtxPosTex.hlsl">
      <Filter>97.ShaderFiles</Filter>
    </FxCompile>
    <FxCompile Include="..\Bin\ShaderFiles\Shader_VtxNorTex.hlsl">
      <Filter>97.ShaderFiles</Filter>
    </FxCompile>
    <FxCompile Include="..\Bin\ShaderFiles\Shader_VtxPosTex_UI.hlsl">
      <Filter>97.ShaderFiles</Filter>
    </FxCompile>
    <FxCompile Include="..\Bin\ShaderFiles\Shader_VtxMesh.hlsl">
      <Filter>97.ShaderFiles</Filter>
    </FxCompile>
  </ItemGroup>
</Project>